
Microsoft Visual Studio Solution File, Format Version 12.00
# Visual Studio Version 17
VisualStudioVersion = 17.4.33205.214
MinimumVisualStudioVersion = 10.0.40219.1
Project("{FAE04EC0-301F-11D3-BF4B-00C04F79EFBC}") = "WebAPI", "WebAPI\WebAPI.csproj", "{2D4B5241-5A49-4214-A636-6BAC89764E12}"
EndProject
Project("{FAE04EC0-301F-11D3-BF4B-00C04F79EFBC}") = "Neagoe_Eliza_Lab11", "Neagoe_Eliza_Lab11\Neagoe_Eliza_Lab11.csproj", "{0C395305-830F-4DED-B1AE-1D18D2D912CA}"
EndProject
Global
	GlobalSection(SolutionConfigurationPlatforms) = preSolution
		Debug|Any CPU = Debug|Any CPU
		Release|Any CPU = Release|Any CPU
	EndGlobalSection
	GlobalSection(ProjectConfigurationPlatforms) = postSolution
		{2D4B5241-5A49-4214-A636-6BAC89764E12}.Debug|Any CPU.ActiveCfg = Debug|Any CPU
		{2D4B5241-5A49-4214-A636-6BAC89764E12}.Debug|Any CPU.Build.0 = Debug|Any CPU
		{2D4B5241-5A49-4214-A636-6BAC89764E12}.Release|Any CPU.ActiveCfg = Release|Any CPU
		{2D4B5241-5A49-4214-A636-6BAC89764E12}.Release|Any CPU.Build.0 = Release|Any CPU
		{0C395305-830F-4DED-B1AE-1D18D2D912CA}.Debug|Any CPU.ActiveCfg = Debug|Any CPU
		{0C395305-830F-4DED-B1AE-1D18D2D912CA}.Debug|Any CPU.Build.0 = Debug|Any CPU
		{0C395305-830F-4DED-B1AE-1D18D2D912CA}.Debug|Any CPU.Deploy.0 = Debug|Any CPU
		{0C395305-830F-4DED-B1AE-1D18D2D912CA}.Release|Any CPU.ActiveCfg = Release|Any CPU
		{0C395305-830F-4DED-B1AE-1D18D2D912CA}.Release|Any CPU.Build.0 = Release|Any CPU
		{0C395305-830F-4DED-B1AE-1D18D2D912CA}.Release|Any CPU.Deploy.0 = Release|Any CPU
	EndGlobalSection
	GlobalSection(SolutionProperties) = preSolution
		HideSolutionNode = FALSE
	EndGlobalSection
	GlobalSection(ExtensibilityGlobals) = postSolution
		SolutionGuid = {6F299BC3-B402-4C92-81F6-510A2A8E6089}
	EndGlobalSection
EndGlobal
